
Microsoft Visual Studio Solution File, Format Version 12.00
# Visual Studio 15
VisualStudioVersion = 15.0.28010.2046
MinimumVisualStudioVersion = 10.0.40219.1
Project("{FAE04EC0-301F-11D3-BF4B-00C04F79EFBC}") = "Trust", "Trust\Trust.csproj", "{0DE36757-2DA6-45D2-8DD7-6A3C9FFBCCB3}"
EndProject
Project("{FAE04EC0-301F-11D3-BF4B-00C04F79EFBC}") = "TrustTest", "TrustTest\TrustTest.csproj", "{1FCE9336-8FED-4937-B50A-BDF7C066C64E}"
EndProject
Global
	GlobalSection(SolutionConfigurationPlatforms) = preSolution
		Debug|Any CPU = Debug|Any CPU
		Release|Any CPU = Release|Any CPU
	EndGlobalSection
	GlobalSection(ProjectConfigurationPlatforms) = postSolution
		{0DE36757-2DA6-45D2-8DD7-6A3C9FFBCCB3}.Debug|Any CPU.ActiveCfg = Debug|Any CPU
		{0DE36757-2DA6-45D2-8DD7-6A3C9FFBCCB3}.Debug|Any CPU.Build.0 = Debug|Any CPU
		{0DE36757-2DA6-45D2-8DD7-6A3C9FFBCCB3}.Release|Any CPU.ActiveCfg = Release|Any CPU
		{0DE36757-2DA6-45D2-8DD7-6A3C9FFBCCB3}.Release|Any CPU.Build.0 = Release|Any CPU
		{1FCE9336-8FED-4937-B50A-BDF7C066C64E}.Debug|Any CPU.ActiveCfg = Debug|Any CPU
		{1FCE9336-8FED-4937-B50A-BDF7C066C64E}.Debug|Any CPU.Build.0 = Debug|Any CPU
		{1FCE9336-8FED-4937-B50A-BDF7C066C64E}.Release|Any CPU.ActiveCfg = Release|Any CPU
		{1FCE9336-8FED-4937-B50A-BDF7C066C64E}.Release|Any CPU.Build.0 = Release|Any CPU
	EndGlobalSection
	GlobalSection(SolutionProperties) = preSolution
		HideSolutionNode = FALSE
	EndGlobalSection
	GlobalSection(ExtensibilityGlobals) = postSolution
		SolutionGuid = {98CA89A9-D61F-4291-8186-59C409AB1754}
	EndGlobalSection
EndGlobal
